
Microsoft Visual Studio Solution File, Format Version 12.00
# Visual Studio Version 17
VisualStudioVersion = 17.10.34928.147
MinimumVisualStudioVersion = 10.0.40219.1
Project("{FAE04EC0-301F-11D3-BF4B-00C04F79EFBC}") = "LearnLanguage", "LearnLanguage.csproj", "{E978533C-8059-45CB-BAF0-7C9AA9B12BFF}"
EndProject
Global
	GlobalSection(SolutionConfigurationPlatforms) = preSolution
		Debug|Any CPU = Debug|Any CPU
		Release|Any CPU = Release|Any CPU
	EndGlobalSection
	GlobalSection(ProjectConfigurationPlatforms) = postSolution
		{E978533C-8059-45CB-BAF0-7C9AA9B12BFF}.Debug|Any CPU.ActiveCfg = Debug|Any CPU
		{E978533C-8059-45CB-BAF0-7C9AA9B12BFF}.Debug|Any CPU.Build.0 = Debug|Any CPU
		{E978533C-8059-45CB-BAF0-7C9AA9B12BFF}.Release|Any CPU.ActiveCfg = Release|Any CPU
		{E978533C-8059-45CB-BAF0-7C9AA9B12BFF}.Release|Any CPU.Build.0 = Release|Any CPU
	EndGlobalSection
	GlobalSection(SolutionProperties) = preSolution
		HideSolutionNode = FALSE
	EndGlobalSection
	GlobalSection(ExtensibilityGlobals) = postSolution
		SolutionGuid = {78742BB1-D641-4CF5-8FB6-2A2EE7931697}
	EndGlobalSection
EndGlobal
